
Microsoft Visual Studio Solution File, Format Version 12.00
# Visual Studio Version 17
VisualStudioVersion = 17.9.34723.18
MinimumVisualStudioVersion = 10.0.40219.1
Project("{FAE04EC0-301F-11D3-BF4B-00C04F79EFBC}") = "BlazorApp1", "BlazorApp1.csproj", "{EE166775-5800-4832-B48F-9A97A3067348}"
EndProject
Global
	GlobalSection(SolutionConfigurationPlatforms) = preSolution
		Debug|Any CPU = Debug|Any CPU
		Release|Any CPU = Release|Any CPU
	EndGlobalSection
	GlobalSection(ProjectConfigurationPlatforms) = postSolution
		{EE166775-5800-4832-B48F-9A97A3067348}.Debug|Any CPU.ActiveCfg = Debug|Any CPU
		{EE166775-5800-4832-B48F-9A97A3067348}.Debug|Any CPU.Build.0 = Debug|Any CPU
		{EE166775-5800-4832-B48F-9A97A3067348}.Release|Any CPU.ActiveCfg = Release|Any CPU
		{EE166775-5800-4832-B48F-9A97A3067348}.Release|Any CPU.Build.0 = Release|Any CPU
	EndGlobalSection
	GlobalSection(SolutionProperties) = preSolution
		HideSolutionNode = FALSE
	EndGlobalSection
	GlobalSection(ExtensibilityGlobals) = postSolution
		SolutionGuid = {5782D499-B5EB-442A-8E5B-0F0EEE752B54}
	EndGlobalSection
EndGlobal
